
Microsoft Visual Studio Solution File, Format Version 12.00
# Visual Studio Version 17
VisualStudioVersion = 17.6.33801.468
MinimumVisualStudioVersion = 10.0.40219.1
Project("{9A19103F-16F7-4668-BE54-9A1E7A4F7556}") = "Laba1", "Laba1\Laba1.csproj", "{CCF33534-07CE-40D2-88E2-6EBBCEB4698C}"
EndProject
Project("{FAE04EC0-301F-11D3-BF4B-00C04F79EFBC}") = "XUnitTests", "XUnitTests\XUnitTests.csproj", "{0AC44FAF-B5CA-42D9-B61D-57F8DD2ACD1C}"
EndProject
Global
	GlobalSection(SolutionConfigurationPlatforms) = preSolution
		Debug|Any CPU = Debug|Any CPU
		Release|Any CPU = Release|Any CPU
	EndGlobalSection
	GlobalSection(ProjectConfigurationPlatforms) = postSolution
		{CCF33534-07CE-40D2-88E2-6EBBCEB4698C}.Debug|Any CPU.ActiveCfg = Debug|Any CPU
		{CCF33534-07CE-40D2-88E2-6EBBCEB4698C}.Debug|Any CPU.Build.0 = Debug|Any CPU
		{CCF33534-07CE-40D2-88E2-6EBBCEB4698C}.Release|Any CPU.ActiveCfg = Release|Any CPU
		{CCF33534-07CE-40D2-88E2-6EBBCEB4698C}.Release|Any CPU.Build.0 = Release|Any CPU
		{0AC44FAF-B5CA-42D9-B61D-57F8DD2ACD1C}.Debug|Any CPU.ActiveCfg = Debug|Any CPU
		{0AC44FAF-B5CA-42D9-B61D-57F8DD2ACD1C}.Debug|Any CPU.Build.0 = Debug|Any CPU
		{0AC44FAF-B5CA-42D9-B61D-57F8DD2ACD1C}.Release|Any CPU.ActiveCfg = Release|Any CPU
		{0AC44FAF-B5CA-42D9-B61D-57F8DD2ACD1C}.Release|Any CPU.Build.0 = Release|Any CPU
	EndGlobalSection
	GlobalSection(SolutionProperties) = preSolution
		HideSolutionNode = FALSE
	EndGlobalSection
	GlobalSection(ExtensibilityGlobals) = postSolution
		SolutionGuid = {6A99CA9C-EACC-45FE-9141-2E338C8CADD2}
	EndGlobalSection
EndGlobal
